
Microsoft Visual Studio Solution File, Format Version 12.00
# Visual Studio Version 16
VisualStudioVersion = 16.0.30204.135
MinimumVisualStudioVersion = 10.0.40219.1
Project("{9A19103F-16F7-4668-BE54-9A1E7A4F7556}") = "SchoolAPI", "SchoolAPI.csproj", "{C30707D0-C9FA-41E3-98E5-7BD076F2C283}"
EndProject
Project("{9A19103F-16F7-4668-BE54-9A1E7A4F7556}") = "Contracts", "..\Contracts\Contracts.csproj", "{A5CF0C40-2276-4FE0-98E3-258EF2BCA9B2}"
EndProject
Project("{9A19103F-16F7-4668-BE54-9A1E7A4F7556}") = "Repository", "..\Repository\Repository.csproj", "{850AFFD7-3BE7-4351-A5C5-12C11D2C6433}"
EndProject
Project("{9A19103F-16F7-4668-BE54-9A1E7A4F7556}") = "Entities", "..\Entities\Entities.csproj", "{8A1B1945-D318-4FB3-8387-F99FD855883B}"
EndProject
Project("{FAE04EC0-301F-11D3-BF4B-00C04F79EFBC}") = "LoggerService", "..\LoggerService\LoggerService.csproj", "{D2FD08BD-A46E-4395-B6B5-1DFBE8215855}"
EndProject
Global
	GlobalSection(SolutionConfigurationPlatforms) = preSolution
		Debug|Any CPU = Debug|Any CPU
		Release|Any CPU = Release|Any CPU
	EndGlobalSection
	GlobalSection(ProjectConfigurationPlatforms) = postSolution
		{C30707D0-C9FA-41E3-98E5-7BD076F2C283}.Debug|Any CPU.ActiveCfg = Debug|Any CPU
		{C30707D0-C9FA-41E3-98E5-7BD076F2C283}.Debug|Any CPU.Build.0 = Debug|Any CPU
		{C30707D0-C9FA-41E3-98E5-7BD076F2C283}.Release|Any CPU.ActiveCfg = Release|Any CPU
		{C30707D0-C9FA-41E3-98E5-7BD076F2C283}.Release|Any CPU.Build.0 = Release|Any CPU
		{A5CF0C40-2276-4FE0-98E3-258EF2BCA9B2}.Debug|Any CPU.ActiveCfg = Debug|Any CPU
		{A5CF0C40-2276-4FE0-98E3-258EF2BCA9B2}.Debug|Any CPU.Build.0 = Debug|Any CPU
		{A5CF0C40-2276-4FE0-98E3-258EF2BCA9B2}.Release|Any CPU.ActiveCfg = Release|Any CPU
		{A5CF0C40-2276-4FE0-98E3-258EF2BCA9B2}.Release|Any CPU.Build.0 = Release|Any CPU
		{850AFFD7-3BE7-4351-A5C5-12C11D2C6433}.Debug|Any CPU.ActiveCfg = Debug|Any CPU
		{850AFFD7-3BE7-4351-A5C5-12C11D2C6433}.Debug|Any CPU.Build.0 = Debug|Any CPU
		{850AFFD7-3BE7-4351-A5C5-12C11D2C6433}.Release|Any CPU.ActiveCfg = Release|Any CPU
		{850AFFD7-3BE7-4351-A5C5-12C11D2C6433}.Release|Any CPU.Build.0 = Release|Any CPU
		{8A1B1945-D318-4FB3-8387-F99FD855883B}.Debug|Any CPU.ActiveCfg = Debug|Any CPU
		{8A1B1945-D318-4FB3-8387-F99FD855883B}.Debug|Any CPU.Build.0 = Debug|Any CPU
		{8A1B1945-D318-4FB3-8387-F99FD855883B}.Release|Any CPU.ActiveCfg = Release|Any CPU
		{8A1B1945-D318-4FB3-8387-F99FD855883B}.Release|Any CPU.Build.0 = Release|Any CPU
		{D2FD08BD-A46E-4395-B6B5-1DFBE8215855}.Debug|Any CPU.ActiveCfg = Debug|Any CPU
		{D2FD08BD-A46E-4395-B6B5-1DFBE8215855}.Debug|Any CPU.Build.0 = Debug|Any CPU
		{D2FD08BD-A46E-4395-B6B5-1DFBE8215855}.Release|Any CPU.ActiveCfg = Release|Any CPU
		{D2FD08BD-A46E-4395-B6B5-1DFBE8215855}.Release|Any CPU.Build.0 = Release|Any CPU
	EndGlobalSection
	GlobalSection(SolutionProperties) = preSolution
		HideSolutionNode = FALSE
	EndGlobalSection
	GlobalSection(ExtensibilityGlobals) = postSolution
		SolutionGuid = {09580A3F-1F5E-4629-B612-77F32E2B56BF}
	EndGlobalSection
EndGlobal
